version = 1
revision = 3
requires-python = "==3.11.*"

[[package]]
name = "delta-spark"
version = "3.3.2"
source = { registry = "https://pypi.org/simple" }
dependencies = [
    { name = "importlib-metadata" },
    { name = "pyspark" },
]
sdist = { url = "https://files.pythonhosted.org/packages/8e/c9/a4d34fee1dafcad33d4e810ff2ce14a9f6e8e7af9797a9de79ebc3334987/delta_spark-3.3.2.tar.gz", hash = "sha256:f3e89ec4a15a541988f9d6496016a67cf619475e8eeca71da5e073f6ba0da845", size = 23066, upload-time = "2025-05-29T22:25:49.412Z" }
wheels = [
    { url = "https://files.pythonhosted.org/packages/4b/b7/f484bca84628f9f7a9a16ecfd8b010edbda9fa3f5e3918e967ddd69bf6af/delta_spark-3.3.2-py3-none-any.whl", hash = "sha256:0a34c720b4368f1655e2348e380b5b3baaca0f2b3d519a3198208f00f65e4062", size = 22024, upload-time = "2025-05-29T22:25:48.008Z" },
]

[[package]]
name = "delta-streaming-idempotent-table-writes"
version = "0.1.0"
source = { virtual = "." }
dependencies = [
    { name = "delta-spark" },
]

[package.metadata]
requires-dist = [{ name = "delta-spark", specifier = ">=3.3,<3.4" }]

[[package]]
name = "importlib-metadata"
version = "9.0.0"
source = { registry = "https://pypi.org/simple" }
dependencies = [
    { name = "zipp" },
]
sdist = { url = "https://files.pythonhosted.org/packages/a9/01/15bb152d77b21318514a96f43af312635eb2500c96b55398d020c93d86ea/importlib_metadata-9.0.0.tar.gz", hash = "sha256:a4f57ab599e6a2e3016d7595cfd72eb4661a5106e787a95bcc90c7105b831efc", size = 56405, upload-time = "2026-03-20T06:42:56.999Z" }
wheels = [
    { url = "https://files.pythonhosted.org/packages/38/3d/2d244233ac4f76e38533cfcb2991c9eb4c7bf688ae0a036d30725b8faafe/importlib_metadata-9.0.0-py3-none-any.whl", hash = "sha256:2d21d1cc5a017bd0559e36150c21c830ab1dc304dedd1b7ea85d20f45ef3edd7", size = 27789, upload-time = "2026-03-20T06:42:55.665Z" },
]

[[package]]
name = "py4j"
version = "0.10.9.9"
source = { registry = "https://pypi.org/simple" }
sdist = { url = "https://files.pythonhosted.org/packages/38/31/0b210511177070c8d5d3059556194352e5753602fa64b85b7ab81ec1a009/py4j-0.10.9.9.tar.gz", hash = "sha256:f694cad19efa5bd1dee4f3e5270eb406613c974394035e5bfc4ec1aba870b879", size = 761089, upload-time = "2025-01-15T03:53:18.624Z" }
wheels = [
    { url = "https://files.pythonhosted.org/packages/bd/db/ea0203e495be491c85af87b66e37acfd3bf756fd985f87e46fc5e3bf022c/py4j-0.10.9.9-py2.py3-none-any.whl", hash = "sha256:c7c26e4158defb37b0bb124933163641a2ff6e3a3913f7811b0ddbe07ed61533", size = 203008, upload-time = "2025-01-15T03:53:15.648Z" },
]

[[package]]
name = "pyspark"
version = "3.5.9"
source = { registry = "https://pypi.org/simple" }
dependencies = [
    { name = "py4j" },
]
sdist = { url = "https://files.pythonhosted.org/packages/95/ce/81e53e729790556e3983e95de1a7d5df91a34adfcd34b5a5ab0e0c6e9b33/pyspark-3.5.9.tar.gz", hash = "sha256:ea27adc39ddac9413b8951e45aa748cbed6c785971b81386efc41938f6243d93", size = 317858593, upload-time = "2026-07-16T08:52:04.494Z" }

[[package]]
name = "zipp"
version = "4.1.0"
source = { registry = "https://pypi.org/simple" }
sdist = { url = "https://files.pythonhosted.org/packages/b9/d8/eab98a517c14134c0b2eb4e2387bc5f457334293ec5d2dd3857ec2966802/zipp-4.1.0.tar.gz", hash = "sha256:4cb57381f544315db7688e976e922a2b18cdb513d21cc194eb42232ba2a3e602", size = 26214, upload-time = "2026-05-18T20:08:57.967Z" }
wheels = [
    { url = "https://files.pythonhosted.org/packages/3a/13/547360d81e6d88d58492968ffda9f9542854f11310ee556fef14260cc886/zipp-4.1.0-py3-none-any.whl", hash = "sha256:25ad4e16390cd314347dd8f1de67a2ac538ae658ed4ab9db16029c07c188e97f", size = 10238, upload-time = "2026-05-18T20:08:57.045Z" },
]
